PODS:
  - FMDB (2.7.5):
    - FMDB/standard (= 2.7.5)
  - FMDB/standard (2.7.5)
  - SnapKit (5.0.0)

DEPENDENCIES:
  - FMDB
  - SnapKit

SPEC REPOS:
  https://github.com/cocoapods/specs.git:
    - FMDB
    - SnapKit

SPEC CHECKSUMS:
  FMDB: 2ce00b547f966261cd18927a3ddb07cb6f3db82a
  SnapKit: fd22d10eb9aff484d79a8724eab922c1ddf89bcf

PODFILE CHECKSUM: 4a3366d1e592df56b3e6944f2a698ad0081e2766

COCOAPODS: 1.7.2
